
Microsoft Visual Studio Solution File, Format Version 12.00
# Visual Studio Version 17
VisualStudioVersion = 17.9.34622.214
MinimumVisualStudioVersion = 10.0.40219.1
Project("{FAE04EC0-301F-11D3-BF4B-00C04F79EFBC}") = "API_Bestellingen_Voorbeeld", "API_Bestellingen_Voorbeeld.csproj", "{DD6996B3-51E5-4483-8C8E-2758F7D9F72A}"
EndProject
Global
	GlobalSection(SolutionConfigurationPlatforms) = preSolution
		Debug|Any CPU = Debug|Any CPU
		Release|Any CPU = Release|Any CPU
	EndGlobalSection
	GlobalSection(ProjectConfigurationPlatforms) = postSolution
		{DD6996B3-51E5-4483-8C8E-2758F7D9F72A}.Debug|Any CPU.ActiveCfg = Debug|Any CPU
		{DD6996B3-51E5-4483-8C8E-2758F7D9F72A}.Debug|Any CPU.Build.0 = Debug|Any CPU
		{DD6996B3-51E5-4483-8C8E-2758F7D9F72A}.Release|Any CPU.ActiveCfg = Release|Any CPU
		{DD6996B3-51E5-4483-8C8E-2758F7D9F72A}.Release|Any CPU.Build.0 = Release|Any CPU
	EndGlobalSection
	GlobalSection(SolutionProperties) = preSolution
		HideSolutionNode = FALSE
	EndGlobalSection
	GlobalSection(ExtensibilityGlobals) = postSolution
		SolutionGuid = {FD2FFCFF-0E16-434C-9D9F-C0847DEB2EDA}
	EndGlobalSection
EndGlobal
